<?xml version="1.0" encoding="utf-8"?>
<Project ToolsVersion="15.0" xmlns="http://schemas.microsoft.com/developer/msbuild/2003">
  <ItemGroup>
    <ClCompile Include="..\..\tracking\src\tracking.cpp">
      <Filter>Source Files</Filter>
    </ClCompile>
    <ClCompile Include="..\..\tracking\src\particle_filter.cpp">
      <Filter>Source Files</Filter>
    </ClCompile>
    <ClCompile Include="..\..\tracking\src\kld_adaptive_particle_filter.cpp">
      <Filter>Source Files</Filter>
    </ClCompile>
    <ClCompile Include="..\..\tracking\src\coherence.cpp">
      <Filter>Source Files</Filter>
    </ClCompile>
  </ItemGroup>
  <ItemGroup>
    <ClInclude Include="..\..\tracking\include\pcl\tracking\tracking.h">
      <Filter>Header Files</Filter>
    </ClInclude>
    <ClInclude Include="..\..\tracking\include\pcl\tracking\tracker.h">
      <Filter>Header Files</Filter>
    </ClInclude>
    <ClInclude Include="..\..\tracking\include\pcl\tracking\coherence.h">
      <Filter>Header Files</Filter>
    </ClInclude>
    <ClInclude Include="..\..\tracking\include\pcl\tracking\nearest_pair_point_cloud_coherence.h">
      <Filter>Header Files</Filter>
    </ClInclude>
    <ClInclude Include="..\..\tracking\include\pcl\tracking\approx_nearest_pair_point_cloud_coherence.h">
      <Filter>Header Files</Filter>
    </ClInclude>
    <ClInclude Include="..\..\tracking\include\pcl\tracking\distance_coherence.h">
      <Filter>Header Files</Filter>
    </ClInclude>
    <ClInclude Include="..\..\tracking\include\pcl\tracking\hsv_color_coherence.h">
      <Filter>Header Files</Filter>
    </ClInclude>
    <ClInclude Include="..\..\tracking\include\pcl\tracking\normal_coherence.h">
      <Filter>Header Files</Filter>
    </ClInclude>
    <ClInclude Include="..\..\tracking\include\pcl\tracking\particle_filter.h">
      <Filter>Header Files</Filter>
    </ClInclude>
    <ClInclude Include="..\..\tracking\include\pcl\tracking\particle_filter_omp.h">
      <Filter>Header Files</Filter>
    </ClInclude>
    <ClInclude Include="..\..\tracking\include\pcl\tracking\kld_adaptive_particle_filter.h">
      <Filter>Header Files</Filter>
    </ClInclude>
    <ClInclude Include="..\..\tracking\include\pcl\tracking\kld_adaptive_particle_filter_omp.h">
      <Filter>Header Files</Filter>
    </ClInclude>
    <ClInclude Include="..\..\tracking\include\pcl\tracking\pyramidal_klt.h">
      <Filter>Header Files</Filter>
    </ClInclude>
    <ClInclude Include="..\..\tracking\include\pcl\tracking\impl\tracking.hpp">
      <Filter>Header Files</Filter>
    </ClInclude>
    <ClInclude Include="..\..\tracking\include\pcl\tracking\impl\tracker.hpp">
      <Filter>Header Files</Filter>
    </ClInclude>
    <ClInclude Include="..\..\tracking\include\pcl\tracking\impl\coherence.hpp">
      <Filter>Header Files</Filter>
    </ClInclude>
    <ClInclude Include="..\..\tracking\include\pcl\tracking\impl\nearest_pair_point_cloud_coherence.hpp">
      <Filter>Header Files</Filter>
    </ClInclude>
    <ClInclude Include="..\..\tracking\include\pcl\tracking\impl\approx_nearest_pair_point_cloud_coherence.hpp">
      <Filter>Header Files</Filter>
    </ClInclude>
    <ClInclude Include="..\..\tracking\include\pcl\tracking\impl\distance_coherence.hpp">
      <Filter>Header Files</Filter>
    </ClInclude>
    <ClInclude Include="..\..\tracking\include\pcl\tracking\impl\hsv_color_coherence.hpp">
      <Filter>Header Files</Filter>
    </ClInclude>
    <ClInclude Include="..\..\tracking\include\pcl\tracking\impl\normal_coherence.hpp">
      <Filter>Header Files</Filter>
    </ClInclude>
    <ClInclude Include="..\..\tracking\include\pcl\tracking\impl\particle_filter.hpp">
      <Filter>Header Files</Filter>
    </ClInclude>
    <ClInclude Include="..\..\tracking\include\pcl\tracking\impl\particle_filter_omp.hpp">
      <Filter>Header Files</Filter>
    </ClInclude>
    <ClInclude Include="..\..\tracking\include\pcl\tracking\impl\kld_adaptive_particle_filter.hpp">
      <Filter>Header Files</Filter>
    </ClInclude>
    <ClInclude Include="..\..\tracking\include\pcl\tracking\impl\kld_adaptive_particle_filter_omp.hpp">
      <Filter>Header Files</Filter>
    </ClInclude>
    <ClInclude Include="..\..\tracking\include\pcl\tracking\impl\pyramidal_klt.hpp">
      <Filter>Header Files</Filter>
    </ClInclude>
  </ItemGroup>
  <ItemGroup>
    <ResourceCompile Include="..\pcl_tracking_version.rc">
      <Filter>Source Files</Filter>
    </ResourceCompile>
  </ItemGroup>
  <ItemGroup>
    <Filter Include="Header Files">
      <UniqueIdentifier>{8CC8F343-E066-30FD-82C8-3B55ED329B2C}</UniqueIdentifier>
    </Filter>
    <Filter Include="Source Files">
      <UniqueIdentifier>{2D63B830-B2C0-3740-A92A-69FB4267B346}</UniqueIdentifier>
    </Filter>
  </ItemGroup>
</Project>