<?xml version="1.0" encoding="utf-8"?>
<Project ToolsVersion="15.0" xmlns="http://schemas.microsoft.com/developer/msbuild/2003">
  <ItemGroup>
    <ClCompile Include="..\..\ml\src\point_xy_32i.cpp">
      <Filter>Source Files</Filter>
    </ClCompile>
    <ClCompile Include="..\..\ml\src\point_xy_32f.cpp">
      <Filter>Source Files</Filter>
    </ClCompile>
    <ClCompile Include="..\..\ml\src\densecrf.cpp">
      <Filter>Source Files</Filter>
    </ClCompile>
    <ClCompile Include="..\..\ml\src\pairwise_potential.cpp">
      <Filter>Source Files</Filter>
    </ClCompile>
    <ClCompile Include="..\..\ml\src\permutohedral.cpp">
      <Filter>Source Files</Filter>
    </ClCompile>
    <ClCompile Include="..\..\ml\src\svm_wrapper.cpp">
      <Filter>Source Files</Filter>
    </ClCompile>
    <ClCompile Include="..\..\ml\src\svm.cpp">
      <Filter>Source Files</Filter>
    </ClCompile>
    <ClCompile Include="..\..\ml\src\kmeans.cpp">
      <Filter>Source Files</Filter>
    </ClCompile>
  </ItemGroup>
  <ItemGroup>
    <ClInclude Include="..\..\ml\include\pcl\ml\branch_estimator.h">
      <Filter>Header Files</Filter>
    </ClInclude>
    <ClInclude Include="..\..\ml\include\pcl\ml\feature_handler.h">
      <Filter>Header Files</Filter>
    </ClInclude>
    <ClInclude Include="..\..\ml\include\pcl\ml\multi_channel_2d_comparison_feature.h">
      <Filter>Header Files</Filter>
    </ClInclude>
    <ClInclude Include="..\..\ml\include\pcl\ml\multi_channel_2d_comparison_feature_handler.h">
      <Filter>Header Files</Filter>
    </ClInclude>
    <ClInclude Include="..\..\ml\include\pcl\ml\multi_channel_2d_data_set.h">
      <Filter>Header Files</Filter>
    </ClInclude>
    <ClInclude Include="..\..\ml\include\pcl\ml\multiple_data_2d_example_index.h">
      <Filter>Header Files</Filter>
    </ClInclude>
    <ClInclude Include="..\..\ml\include\pcl\ml\point_xy_32i.h">
      <Filter>Header Files</Filter>
    </ClInclude>
    <ClInclude Include="..\..\ml\include\pcl\ml\point_xy_32f.h">
      <Filter>Header Files</Filter>
    </ClInclude>
    <ClInclude Include="..\..\ml\include\pcl\ml\regression_variance_stats_estimator.h">
      <Filter>Header Files</Filter>
    </ClInclude>
    <ClInclude Include="..\..\ml\include\pcl\ml\stats_estimator.h">
      <Filter>Header Files</Filter>
    </ClInclude>
    <ClInclude Include="..\..\ml\include\pcl\ml\densecrf.h">
      <Filter>Header Files</Filter>
    </ClInclude>
    <ClInclude Include="..\..\ml\include\pcl\ml\pairwise_potential.h">
      <Filter>Header Files</Filter>
    </ClInclude>
    <ClInclude Include="..\..\ml\include\pcl\ml\permutohedral.h">
      <Filter>Header Files</Filter>
    </ClInclude>
    <ClInclude Include="..\..\ml\include\pcl\ml\svm_wrapper.h">
      <Filter>Header Files</Filter>
    </ClInclude>
    <ClInclude Include="..\..\ml\include\pcl\ml\svm.h">
      <Filter>Header Files</Filter>
    </ClInclude>
    <ClInclude Include="..\..\ml\include\pcl\ml\kmeans.h">
      <Filter>Header Files</Filter>
    </ClInclude>
  </ItemGroup>
  <ItemGroup>
    <ResourceCompile Include="..\pcl_ml_version.rc">
      <Filter>Source Files</Filter>
    </ResourceCompile>
  </ItemGroup>
  <ItemGroup>
    <Filter Include="Header Files">
      <UniqueIdentifier>{8CC8F343-E066-30FD-82C8-3B55ED329B2C}</UniqueIdentifier>
    </Filter>
    <Filter Include="Source Files">
      <UniqueIdentifier>{2D63B830-B2C0-3740-A92A-69FB4267B346}</UniqueIdentifier>
    </Filter>
  </ItemGroup>
</Project>