<?xml version="1.0" encoding="utf-8"?>
<Project ToolsVersion="15.0" xmlns="http://schemas.microsoft.com/developer/msbuild/2003">
  <ItemGroup>
    <ClCompile Include="..\..\kdtree\src\kdtree_flann.cpp">
      <Filter>Source Files</Filter>
    </ClCompile>
  </ItemGroup>
  <ItemGroup>
    <ClInclude Include="..\..\kdtree\include\pcl\kdtree\kdtree.h">
      <Filter>Header Files</Filter>
    </ClInclude>
    <ClInclude Include="..\..\kdtree\include\pcl\kdtree\io.h">
      <Filter>Header Files</Filter>
    </ClInclude>
    <ClInclude Include="..\..\kdtree\include\pcl\kdtree\flann.h">
      <Filter>Header Files</Filter>
    </ClInclude>
    <ClInclude Include="..\..\kdtree\include\pcl\kdtree\kdtree_flann.h">
      <Filter>Header Files</Filter>
    </ClInclude>
    <ClInclude Include="..\..\kdtree\include\pcl\kdtree\impl\io.hpp">
      <Filter>Header Files</Filter>
    </ClInclude>
    <ClInclude Include="..\..\kdtree\include\pcl\kdtree\impl\kdtree_flann.hpp">
      <Filter>Header Files</Filter>
    </ClInclude>
  </ItemGroup>
  <ItemGroup>
    <ResourceCompile Include="..\pcl_kdtree_version.rc">
      <Filter>Source Files</Filter>
    </ResourceCompile>
  </ItemGroup>
  <ItemGroup>
    <Filter Include="Header Files">
      <UniqueIdentifier>{8CC8F343-E066-30FD-82C8-3B55ED329B2C}</UniqueIdentifier>
    </Filter>
    <Filter Include="Source Files">
      <UniqueIdentifier>{2D63B830-B2C0-3740-A92A-69FB4267B346}</UniqueIdentifier>
    </Filter>
  </ItemGroup>
</Project>