<?xml version="1.0" encoding="utf-8"?>
<Project ToolsVersion="15.0" xmlns="http://schemas.microsoft.com/developer/msbuild/2003">
  <ItemGroup>
    <ClCompile Include="..\..\stereo\src\stereo_grabber.cpp">
      <Filter>Source Files</Filter>
    </ClCompile>
    <ClCompile Include="..\..\stereo\src\stereo_matching.cpp">
      <Filter>Source Files</Filter>
    </ClCompile>
    <ClCompile Include="..\..\stereo\src\stereo_block_based.cpp">
      <Filter>Source Files</Filter>
    </ClCompile>
    <ClCompile Include="..\..\stereo\src\stereo_adaptive_cost_so.cpp">
      <Filter>Source Files</Filter>
    </ClCompile>
    <ClCompile Include="..\..\stereo\src\disparity_map_converter.cpp">
      <Filter>Source Files</Filter>
    </ClCompile>
    <ClCompile Include="..\..\stereo\src\digital_elevation_map.cpp">
      <Filter>Source Files</Filter>
    </ClCompile>
  </ItemGroup>
  <ItemGroup>
    <ClInclude Include="..\..\stereo\include\pcl\stereo\stereo_grabber.h">
      <Filter>Header Files</Filter>
    </ClInclude>
    <ClInclude Include="..\..\stereo\include\pcl\stereo\stereo_matching.h">
      <Filter>Header Files</Filter>
    </ClInclude>
    <ClInclude Include="..\..\stereo\include\pcl\stereo\disparity_map_converter.h">
      <Filter>Header Files</Filter>
    </ClInclude>
    <ClInclude Include="..\..\stereo\include\pcl\stereo\digital_elevation_map.h">
      <Filter>Header Files</Filter>
    </ClInclude>
    <ClInclude Include="..\..\stereo\include\pcl\stereo\impl\disparity_map_converter.hpp">
      <Filter>Header Files</Filter>
    </ClInclude>
  </ItemGroup>
  <ItemGroup>
    <ResourceCompile Include="..\pcl_stereo_version.rc">
      <Filter>Source Files</Filter>
    </ResourceCompile>
  </ItemGroup>
  <ItemGroup>
    <Filter Include="Header Files">
      <UniqueIdentifier>{8CC8F343-E066-30FD-82C8-3B55ED329B2C}</UniqueIdentifier>
    </Filter>
    <Filter Include="Source Files">
      <UniqueIdentifier>{2D63B830-B2C0-3740-A92A-69FB4267B346}</UniqueIdentifier>
    </Filter>
  </ItemGroup>
</Project>